
Microsoft Visual Studio Solution File, Format Version 12.00
# Visual Studio 15
VisualStudioVersion = 15.0.28010.2050
MinimumVisualStudioVersion = 10.0.40219.1
Project("{FAE04EC0-301F-11D3-BF4B-00C04F79EFBC}") = "Pilkarze_MVVM", "Pilkarze_MVVM\Pilkarze_MVVM.csproj", "{2771FA61-7D94-48BD-A13A-66C79D9568A6}"
EndProject
Global
	GlobalSection(SolutionConfigurationPlatforms) = preSolution
		Debug|Any CPU = Debug|Any CPU
		Release|Any CPU = Release|Any CPU
	EndGlobalSection
	GlobalSection(ProjectConfigurationPlatforms) = postSolution
		{2771FA61-7D94-48BD-A13A-66C79D9568A6}.Debug|Any CPU.ActiveCfg = Debug|Any CPU
		{2771FA61-7D94-48BD-A13A-66C79D9568A6}.Debug|Any CPU.Build.0 = Debug|Any CPU
		{2771FA61-7D94-48BD-A13A-66C79D9568A6}.Release|Any CPU.ActiveCfg = Release|Any CPU
		{2771FA61-7D94-48BD-A13A-66C79D9568A6}.Release|Any CPU.Build.0 = Release|Any CPU
	EndGlobalSection
	GlobalSection(SolutionProperties) = preSolution
		HideSolutionNode = FALSE
	EndGlobalSection
	GlobalSection(ExtensibilityGlobals) = postSolution
		SolutionGuid = {85137B19-3ADE-4D6D-906B-CE375FFFA093}
	EndGlobalSection
EndGlobal
